
Microsoft Visual Studio Solution File, Format Version 12.00
# Visual Studio 14
VisualStudioVersion = 14.0.24720.0
MinimumVisualStudioVersion = 10.0.40219.1
Project("{8BC9CEB8-8B4A-11D0-8D11-00A0C91BC942}") = "sh", "sh\sh.vcxproj", "{92B3F83C-4EF9-4500-8CEC-C924B4963837}"
EndProject
Project("{8BC9CEB8-8B4A-11D0-8D11-00A0C91BC942}") = "prt-simple", "prt-simple\prt-simple.vcxproj", "{12DAA6B9-2538-46FD-B491-41E286300426}"
	ProjectSection(ProjectDependencies) = postProject
		{E2DF94F5-FE42-42DC-875B-3B8424F85361} = {E2DF94F5-FE42-42DC-875B-3B8424F85361}
	EndProjectSection
EndProject
Project("{8BC9CEB8-8B4A-11D0-8D11-00A0C91BC942}") = "sh-compress", "sh-compress\sh-compress.vcxproj", "{BD387D2D-5246-4AB9-84CC-C6A38E583E99}"
	ProjectSection(ProjectDependencies) = postProject
		{E2DF94F5-FE42-42DC-875B-3B8424F85361} = {E2DF94F5-FE42-42DC-875B-3B8424F85361}
	EndProjectSection
EndProject
Project("{8BC9CEB8-8B4A-11D0-8D11-00A0C91BC942}") = "corelib", "core\corelib.vcxproj", "{E2DF94F5-FE42-42DC-875B-3B8424F85361}"
EndProject
Project("{8BC9CEB8-8B4A-11D0-8D11-00A0C91BC942}") = "prt", "prt\prt.vcxproj", "{CD11290F-AF28-4286-94AD-2C3A65D14CF2}"
	ProjectSection(ProjectDependencies) = postProject
		{E2DF94F5-FE42-42DC-875B-3B8424F85361} = {E2DF94F5-FE42-42DC-875B-3B8424F85361}
	EndProjectSection
EndProject
Global
	GlobalSection(SolutionConfigurationPlatforms) = preSolution
		Debug|Mixed Platforms = Debug|Mixed Platforms
		Debug|Win32 = Debug|Win32
		Debug|x64 = Debug|x64
		Profile|Mixed Platforms = Profile|Mixed Platforms
		Profile|Win32 = Profile|Win32
		Profile|x64 = Profile|x64
		Release|Mixed Platforms = Release|Mixed Platforms
		Release|Win32 = Release|Win32
		Release|x64 = Release|x64
	EndGlobalSection
	GlobalSection(ProjectConfigurationPlatforms) = postSolution
		{92B3F83C-4EF9-4500-8CEC-C924B4963837}.Debug|Mixed Platforms.ActiveCfg = Debug|Win32
		{92B3F83C-4EF9-4500-8CEC-C924B4963837}.Debug|Mixed Platforms.Build.0 = Debug|Win32
		{92B3F83C-4EF9-4500-8CEC-C924B4963837}.Debug|Win32.ActiveCfg = Debug|Win32
		{92B3F83C-4EF9-4500-8CEC-C924B4963837}.Debug|Win32.Build.0 = Debug|Win32
		{92B3F83C-4EF9-4500-8CEC-C924B4963837}.Debug|x64.ActiveCfg = Debug|x64
		{92B3F83C-4EF9-4500-8CEC-C924B4963837}.Debug|x64.Build.0 = Debug|x64
		{92B3F83C-4EF9-4500-8CEC-C924B4963837}.Profile|Mixed Platforms.ActiveCfg = Release|Win32
		{92B3F83C-4EF9-4500-8CEC-C924B4963837}.Profile|Mixed Platforms.Build.0 = Release|Win32
		{92B3F83C-4EF9-4500-8CEC-C924B4963837}.Profile|Win32.ActiveCfg = Release|Win32
		{92B3F83C-4EF9-4500-8CEC-C924B4963837}.Profile|Win32.Build.0 = Release|Win32
		{92B3F83C-4EF9-4500-8CEC-C924B4963837}.Profile|x64.ActiveCfg = Release|x64
		{92B3F83C-4EF9-4500-8CEC-C924B4963837}.Profile|x64.Build.0 = Release|x64
		{92B3F83C-4EF9-4500-8CEC-C924B4963837}.Release|Mixed Platforms.ActiveCfg = Release|Win32
		{92B3F83C-4EF9-4500-8CEC-C924B4963837}.Release|Mixed Platforms.Build.0 = Release|Win32
		{92B3F83C-4EF9-4500-8CEC-C924B4963837}.Release|Win32.ActiveCfg = Release|Win32
		{92B3F83C-4EF9-4500-8CEC-C924B4963837}.Release|Win32.Build.0 = Release|Win32
		{92B3F83C-4EF9-4500-8CEC-C924B4963837}.Release|x64.ActiveCfg = Release|x64
		{92B3F83C-4EF9-4500-8CEC-C924B4963837}.Release|x64.Build.0 = Release|x64
		{12DAA6B9-2538-46FD-B491-41E286300426}.Debug|Mixed Platforms.ActiveCfg = Debug|Win32
		{12DAA6B9-2538-46FD-B491-41E286300426}.Debug|Mixed Platforms.Build.0 = Debug|Win32
		{12DAA6B9-2538-46FD-B491-41E286300426}.Debug|Win32.ActiveCfg = Debug|Win32
		{12DAA6B9-2538-46FD-B491-41E286300426}.Debug|Win32.Build.0 = Debug|Win32
		{12DAA6B9-2538-46FD-B491-41E286300426}.Debug|x64.ActiveCfg = Debug|x64
		{12DAA6B9-2538-46FD-B491-41E286300426}.Debug|x64.Build.0 = Debug|x64
		{12DAA6B9-2538-46FD-B491-41E286300426}.Profile|Mixed Platforms.ActiveCfg = Release|Win32
		{12DAA6B9-2538-46FD-B491-41E286300426}.Profile|Mixed Platforms.Build.0 = Release|Win32
		{12DAA6B9-2538-46FD-B491-41E286300426}.Profile|Win32.ActiveCfg = Release|Win32
		{12DAA6B9-2538-46FD-B491-41E286300426}.Profile|Win32.Build.0 = Release|Win32
		{12DAA6B9-2538-46FD-B491-41E286300426}.Profile|x64.ActiveCfg = Release|x64
		{12DAA6B9-2538-46FD-B491-41E286300426}.Profile|x64.Build.0 = Release|x64
		{12DAA6B9-2538-46FD-B491-41E286300426}.Release|Mixed Platforms.ActiveCfg = Release|Win32
		{12DAA6B9-2538-46FD-B491-41E286300426}.Release|Mixed Platforms.Build.0 = Release|Win32
		{12DAA6B9-2538-46FD-B491-41E286300426}.Release|Win32.ActiveCfg = Release|Win32
		{12DAA6B9-2538-46FD-B491-41E286300426}.Release|Win32.Build.0 = Release|Win32
		{12DAA6B9-2538-46FD-B491-41E286300426}.Release|x64.ActiveCfg = Release|x64
		{12DAA6B9-2538-46FD-B491-41E286300426}.Release|x64.Build.0 = Release|x64
		{BD387D2D-5246-4AB9-84CC-C6A38E583E99}.Debug|Mixed Platforms.ActiveCfg = Debug|Win32
		{BD387D2D-5246-4AB9-84CC-C6A38E583E99}.Debug|Mixed Platforms.Build.0 = Debug|Win32
		{BD387D2D-5246-4AB9-84CC-C6A38E583E99}.Debug|Win32.ActiveCfg = Debug|Win32
		{BD387D2D-5246-4AB9-84CC-C6A38E583E99}.Debug|Win32.Build.0 = Debug|Win32
		{BD387D2D-5246-4AB9-84CC-C6A38E583E99}.Debug|x64.ActiveCfg = Debug|x64
		{BD387D2D-5246-4AB9-84CC-C6A38E583E99}.Debug|x64.Build.0 = Debug|x64
		{BD387D2D-5246-4AB9-84CC-C6A38E583E99}.Profile|Mixed Platforms.ActiveCfg = Release|Win32
		{BD387D2D-5246-4AB9-84CC-C6A38E583E99}.Profile|Mixed Platforms.Build.0 = Release|Win32
		{BD387D2D-5246-4AB9-84CC-C6A38E583E99}.Profile|Win32.ActiveCfg = Release|Win32
		{BD387D2D-5246-4AB9-84CC-C6A38E583E99}.Profile|Win32.Build.0 = Release|Win32
		{BD387D2D-5246-4AB9-84CC-C6A38E583E99}.Profile|x64.ActiveCfg = Release|x64
		{BD387D2D-5246-4AB9-84CC-C6A38E583E99}.Profile|x64.Build.0 = Release|x64
		{BD387D2D-5246-4AB9-84CC-C6A38E583E99}.Release|Mixed Platforms.ActiveCfg = Release|Win32
		{BD387D2D-5246-4AB9-84CC-C6A38E583E99}.Release|Mixed Platforms.Build.0 = Release|Win32
		{BD387D2D-5246-4AB9-84CC-C6A38E583E99}.Release|Win32.ActiveCfg = Release|Win32
		{BD387D2D-5246-4AB9-84CC-C6A38E583E99}.Release|Win32.Build.0 = Release|Win32
		{BD387D2D-5246-4AB9-84CC-C6A38E583E99}.Release|x64.ActiveCfg = Release|x64
		{BD387D2D-5246-4AB9-84CC-C6A38E583E99}.Release|x64.Build.0 = Release|x64
		{E2DF94F5-FE42-42DC-875B-3B8424F85361}.Debug|Mixed Platforms.ActiveCfg = Debug|Win32
		{E2DF94F5-FE42-42DC-875B-3B8424F85361}.Debug|Mixed Platforms.Build.0 = Debug|Win32
		{E2DF94F5-FE42-42DC-875B-3B8424F85361}.Debug|Win32.ActiveCfg = Debug|Win32
		{E2DF94F5-FE42-42DC-875B-3B8424F85361}.Debug|Win32.Build.0 = Debug|Win32
		{E2DF94F5-FE42-42DC-875B-3B8424F85361}.Debug|x64.ActiveCfg = Debug|x64
		{E2DF94F5-FE42-42DC-875B-3B8424F85361}.Debug|x64.Build.0 = Debug|x64
		{E2DF94F5-FE42-42DC-875B-3B8424F85361}.Profile|Mixed Platforms.ActiveCfg = Release|Win32
		{E2DF94F5-FE42-42DC-875B-3B8424F85361}.Profile|Mixed Platforms.Build.0 = Release|Win32
		{E2DF94F5-FE42-42DC-875B-3B8424F85361}.Profile|Win32.ActiveCfg = Release|Win32
		{E2DF94F5-FE42-42DC-875B-3B8424F85361}.Profile|Win32.Build.0 = Release|Win32
		{E2DF94F5-FE42-42DC-875B-3B8424F85361}.Profile|x64.ActiveCfg = Release|x64
		{E2DF94F5-FE42-42DC-875B-3B8424F85361}.Profile|x64.Build.0 = Release|x64
		{E2DF94F5-FE42-42DC-875B-3B8424F85361}.Release|Mixed Platforms.ActiveCfg = Release|Win32
		{E2DF94F5-FE42-42DC-875B-3B8424F85361}.Release|Mixed Platforms.Build.0 = Release|Win32
		{E2DF94F5-FE42-42DC-875B-3B8424F85361}.Release|Win32.ActiveCfg = Release|Win32
		{E2DF94F5-FE42-42DC-875B-3B8424F85361}.Release|Win32.Build.0 = Release|Win32
		{E2DF94F5-FE42-42DC-875B-3B8424F85361}.Release|x64.ActiveCfg = Release|x64
		{E2DF94F5-FE42-42DC-875B-3B8424F85361}.Release|x64.Build.0 = Release|x64
		{CD11290F-AF28-4286-94AD-2C3A65D14CF2}.Debug|Mixed Platforms.ActiveCfg = Debug|Win32
		{CD11290F-AF28-4286-94AD-2C3A65D14CF2}.Debug|Mixed Platforms.Build.0 = Debug|Win32
		{CD11290F-AF28-4286-94AD-2C3A65D14CF2}.Debug|Win32.ActiveCfg = Debug|Win32
		{CD11290F-AF28-4286-94AD-2C3A65D14CF2}.Debug|Win32.Build.0 = Debug|Win32
		{CD11290F-AF28-4286-94AD-2C3A65D14CF2}.Debug|x64.ActiveCfg = Debug|x64
		{CD11290F-AF28-4286-94AD-2C3A65D14CF2}.Debug|x64.Build.0 = Debug|x64
		{CD11290F-AF28-4286-94AD-2C3A65D14CF2}.Profile|Mixed Platforms.ActiveCfg = Release|Win32
		{CD11290F-AF28-4286-94AD-2C3A65D14CF2}.Profile|Mixed Platforms.Build.0 = Release|Win32
		{CD11290F-AF28-4286-94AD-2C3A65D14CF2}.Profile|Win32.ActiveCfg = Release|Win32
		{CD11290F-AF28-4286-94AD-2C3A65D14CF2}.Profile|Win32.Build.0 = Release|Win32
		{CD11290F-AF28-4286-94AD-2C3A65D14CF2}.Profile|x64.ActiveCfg = Release|x64
		{CD11290F-AF28-4286-94AD-2C3A65D14CF2}.Profile|x64.Build.0 = Release|x64
		{CD11290F-AF28-4286-94AD-2C3A65D14CF2}.Release|Mixed Platforms.ActiveCfg = Release|Win32
		{CD11290F-AF28-4286-94AD-2C3A65D14CF2}.Release|Mixed Platforms.Build.0 = Release|Win32
		{CD11290F-AF28-4286-94AD-2C3A65D14CF2}.Release|Win32.ActiveCfg = Release|Win32
		{CD11290F-AF28-4286-94AD-2C3A65D14CF2}.Release|Win32.Build.0 = Release|Win32
		{CD11290F-AF28-4286-94AD-2C3A65D14CF2}.Release|x64.ActiveCfg = Release|x64
		{CD11290F-AF28-4286-94AD-2C3A65D14CF2}.Release|x64.Build.0 = Release|x64
	EndGlobalSection
	GlobalSection(SolutionProperties) = preSolution
		HideSolutionNode = FALSE
	EndGlobalSection
EndGlobal
