<?xml version="1.0" encoding="utf-8"?>
<Project ToolsVersion="4.0" xmlns="http://schemas.microsoft.com/developer/msbuild/2003">
  <ItemGroup>
    <Filter Include="Core">
      <UniqueIdentifier>{dbb10dfd-e23d-4767-9a7c-95af5ab58db9}</UniqueIdentifier>
    </Filter>
    <Filter Include="Sampler">
      <UniqueIdentifier>{95edd39e-4ef8-46a0-b70e-858ac6508eb8}</UniqueIdentifier>
    </Filter>
    <Filter Include="Image">
      <UniqueIdentifier>{be207594-4d2c-4ad3-8410-ffca6833a0e0}</UniqueIdentifier>
    </Filter>
    <Filter Include="Math">
      <UniqueIdentifier>{7de316a9-8901-4369-a42b-aa4093f92fb2}</UniqueIdentifier>
    </Filter>
    <Filter Include="SH">
      <UniqueIdentifier>{e42039e7-b5d0-43a5-8d64-3af65cb37c20}</UniqueIdentifier>
    </Filter>
    <Filter Include="OS Util">
      <UniqueIdentifier>{c50fffe3-9315-4603-ab93-1ae575c2fe78}</UniqueIdentifier>
    </Filter>
    <Filter Include="Scene">
      <UniqueIdentifier>{52c3047f-1129-4d28-9ae1-c8c6dbbd6498}</UniqueIdentifier>
    </Filter>
    <Filter Include="Camera">
      <UniqueIdentifier>{36af5edf-450f-4153-b299-78489244c92e}</UniqueIdentifier>
    </Filter>
  </ItemGroup>
  <ItemGroup>
    <ClInclude Include="graphics.h">
      <Filter>Core</Filter>
    </ClInclude>
    <ClInclude Include="thirdparty.h">
      <Filter>Core</Filter>
    </ClInclude>
    <ClInclude Include="montecarlo.h">
      <Filter>Sampler</Filter>
    </ClInclude>
    <ClInclude Include="rectsampler.h">
      <Filter>Sampler</Filter>
    </ClInclude>
    <ClInclude Include="sampler.h">
      <Filter>Sampler</Filter>
    </ClInclude>
    <ClInclude Include="image.h">
      <Filter>Image</Filter>
    </ClInclude>
    <ClInclude Include="vector3.h">
      <Filter>Math</Filter>
    </ClInclude>
    <ClInclude Include="vector2.h">
      <Filter>Math</Filter>
    </ClInclude>
    <ClInclude Include="sphericalharmonic.h">
      <Filter>SH</Filter>
    </ClInclude>
    <ClInclude Include="osutil.h">
      <Filter>OS Util</Filter>
    </ClInclude>
    <ClInclude Include="scene.h">
      <Filter>Scene</Filter>
    </ClInclude>
    <ClInclude Include="mesh.h">
      <Filter>Scene</Filter>
    </ClInclude>
    <ClInclude Include="camera.h">
      <Filter>Camera</Filter>
    </ClInclude>
    <ClInclude Include="quaternion.h">
      <Filter>Math</Filter>
    </ClInclude>
    <ClInclude Include="shstandard.h">
      <Filter>SH</Filter>
    </ClInclude>
    <ClInclude Include="shgeomerics.h">
      <Filter>SH</Filter>
    </ClInclude>
    <ClInclude Include="material.h">
      <Filter>Scene</Filter>
    </ClInclude>
    <ClInclude Include="texturemgr.h">
      <Filter>Scene</Filter>
    </ClInclude>
  </ItemGroup>
  <ItemGroup>
    <ClCompile Include="thirdparty.cpp">
      <Filter>Core</Filter>
    </ClCompile>
    <ClCompile Include="montecarlo.cpp">
      <Filter>Sampler</Filter>
    </ClCompile>
    <ClCompile Include="rectsampler.cpp">
      <Filter>Sampler</Filter>
    </ClCompile>
    <ClCompile Include="sampler.cpp">
      <Filter>Sampler</Filter>
    </ClCompile>
    <ClCompile Include="image.cpp">
      <Filter>Image</Filter>
    </ClCompile>
    <ClCompile Include="vector3.cpp">
      <Filter>Math</Filter>
    </ClCompile>
    <ClCompile Include="vector2.cpp">
      <Filter>Math</Filter>
    </ClCompile>
    <ClCompile Include="sphericalharmonic.cpp">
      <Filter>SH</Filter>
    </ClCompile>
    <ClCompile Include="osutil.cpp">
      <Filter>OS Util</Filter>
    </ClCompile>
    <ClCompile Include="scene.cpp">
      <Filter>Scene</Filter>
    </ClCompile>
    <ClCompile Include="mesh.cpp">
      <Filter>Scene</Filter>
    </ClCompile>
    <ClCompile Include="camera.cpp">
      <Filter>Camera</Filter>
    </ClCompile>
    <ClCompile Include="quaternion.cpp">
      <Filter>Math</Filter>
    </ClCompile>
    <ClCompile Include="shstandard.cpp">
      <Filter>SH</Filter>
    </ClCompile>
    <ClCompile Include="shgeomerics.cpp">
      <Filter>SH</Filter>
    </ClCompile>
    <ClCompile Include="material.cpp">
      <Filter>Scene</Filter>
    </ClCompile>
    <ClCompile Include="texturemgr.cpp">
      <Filter>Scene</Filter>
    </ClCompile>
  </ItemGroup>
</Project>